
Microsoft Visual Studio Solution File, Format Version 12.00
# Visual Studio 15
VisualStudioVersion = 15.0.27019.1
MinimumVisualStudioVersion = 10.0.40219.1
Project("{9A19103F-16F7-4668-BE54-9A1E7A4F7556}") = "thewhiskeystudy", "thewhiskeystudy\thewhiskeystudy.csproj", "{C08659EC-66A4-4751-A067-EE30512530D1}"
EndProject
Project("{9A19103F-16F7-4668-BE54-9A1E7A4F7556}") = "thewhiskeystudy.lib", "thewhiskeystudy.lib\thewhiskeystudy.lib.csproj", "{8F62E8C0-5E03-4F03-9810-C7694CA3ADE1}"
EndProject
Project("{FAE04EC0-301F-11D3-BF4B-00C04F79EFBC}") = "thewhiskeystudy.utils.jsonbuilder", "thewhiskeystudy.utils.jsonbuilder\thewhiskeystudy.utils.jsonbuilder.csproj", "{87675D1A-2B6B-45A8-B5E1-B27693D5B199}"
EndProject
Global
	GlobalSection(SolutionConfigurationPlatforms) = preSolution
		Ad-Hoc|Any CPU = Ad-Hoc|Any CPU
		Ad-Hoc|ARM = Ad-Hoc|ARM
		Ad-Hoc|iPhone = Ad-Hoc|iPhone
		Ad-Hoc|iPhoneSimulator = Ad-Hoc|iPhoneSimulator
		Ad-Hoc|x64 = Ad-Hoc|x64
		Ad-Hoc|x86 = Ad-Hoc|x86
		AppStore|Any CPU = AppStore|Any CPU
		AppStore|ARM = AppStore|ARM
		AppStore|iPhone = AppStore|iPhone
		AppStore|iPhoneSimulator = AppStore|iPhoneSimulator
		AppStore|x64 = AppStore|x64
		AppStore|x86 = AppStore|x86
		Debug|Any CPU = Debug|Any CPU
		Debug|ARM = Debug|ARM
		Debug|iPhone = Debug|iPhone
		Debug|iPhoneSimulator = Debug|iPhoneSimulator
		Debug|x64 = Debug|x64
		Debug|x86 = Debug|x86
		Release|Any CPU = Release|Any CPU
		Release|ARM = Release|ARM
		Release|iPhone = Release|iPhone
		Release|iPhoneSimulator = Release|iPhoneSimulator
		Release|x64 = Release|x64
		Release|x86 = Release|x86
	EndGlobalSection
	GlobalSection(ProjectConfigurationPlatforms) = postSolution
		{C08659EC-66A4-4751-A067-EE30512530D1}.Ad-Hoc|Any CPU.ActiveCfg = Release|Any CPU
		{C08659EC-66A4-4751-A067-EE30512530D1}.Ad-Hoc|Any CPU.Build.0 = Release|Any CPU
		{C08659EC-66A4-4751-A067-EE30512530D1}.Ad-Hoc|ARM.ActiveCfg = Release|Any CPU
		{C08659EC-66A4-4751-A067-EE30512530D1}.Ad-Hoc|ARM.Build.0 = Release|Any CPU
		{C08659EC-66A4-4751-A067-EE30512530D1}.Ad-Hoc|iPhone.ActiveCfg = Release|Any CPU
		{C08659EC-66A4-4751-A067-EE30512530D1}.Ad-Hoc|iPhone.Build.0 = Release|Any CPU
		{C08659EC-66A4-4751-A067-EE30512530D1}.Ad-Hoc|iPhoneSimulator.ActiveCfg = Release|Any CPU
		{C08659EC-66A4-4751-A067-EE30512530D1}.Ad-Hoc|iPhoneSimulator.Build.0 = Release|Any CPU
		{C08659EC-66A4-4751-A067-EE30512530D1}.Ad-Hoc|x64.ActiveCfg = Release|Any CPU
		{C08659EC-66A4-4751-A067-EE30512530D1}.Ad-Hoc|x64.Build.0 = Release|Any CPU
		{C08659EC-66A4-4751-A067-EE30512530D1}.Ad-Hoc|x86.ActiveCfg = Release|Any CPU
		{C08659EC-66A4-4751-A067-EE30512530D1}.Ad-Hoc|x86.Build.0 = Release|Any CPU
		{C08659EC-66A4-4751-A067-EE30512530D1}.AppStore|Any CPU.ActiveCfg = Release|Any CPU
		{C08659EC-66A4-4751-A067-EE30512530D1}.AppStore|Any CPU.Build.0 = Release|Any CPU
		{C08659EC-66A4-4751-A067-EE30512530D1}.AppStore|ARM.ActiveCfg = Release|Any CPU
		{C08659EC-66A4-4751-A067-EE30512530D1}.AppStore|ARM.Build.0 = Release|Any CPU
		{C08659EC-66A4-4751-A067-EE30512530D1}.AppStore|iPhone.ActiveCfg = Release|Any CPU
		{C08659EC-66A4-4751-A067-EE30512530D1}.AppStore|iPhone.Build.0 = Release|Any CPU
		{C08659EC-66A4-4751-A067-EE30512530D1}.AppStore|iPhoneSimulator.ActiveCfg = Release|Any CPU
		{C08659EC-66A4-4751-A067-EE30512530D1}.AppStore|iPhoneSimulator.Build.0 = Release|Any CPU
		{C08659EC-66A4-4751-A067-EE30512530D1}.AppStore|x64.ActiveCfg = Release|Any CPU
		{C08659EC-66A4-4751-A067-EE30512530D1}.AppStore|x64.Build.0 = Release|Any CPU
		{C08659EC-66A4-4751-A067-EE30512530D1}.AppStore|x86.ActiveCfg = Release|Any CPU
		{C08659EC-66A4-4751-A067-EE30512530D1}.AppStore|x86.Build.0 = Release|Any CPU
		{C08659EC-66A4-4751-A067-EE30512530D1}.Debug|Any CPU.ActiveCfg = Debug|Any CPU
		{C08659EC-66A4-4751-A067-EE30512530D1}.Debug|Any CPU.Build.0 = Debug|Any CPU
		{C08659EC-66A4-4751-A067-EE30512530D1}.Debug|ARM.ActiveCfg = Debug|Any CPU
		{C08659EC-66A4-4751-A067-EE30512530D1}.Debug|ARM.Build.0 = Debug|Any CPU
		{C08659EC-66A4-4751-A067-EE30512530D1}.Debug|iPhone.ActiveCfg = Debug|Any CPU
		{C08659EC-66A4-4751-A067-EE30512530D1}.Debug|iPhone.Build.0 = Debug|Any CPU
		{C08659EC-66A4-4751-A067-EE30512530D1}.Debug|iPhoneSimulator.ActiveCfg = Debug|Any CPU
		{C08659EC-66A4-4751-A067-EE30512530D1}.Debug|iPhoneSimulator.Build.0 = Debug|Any CPU
		{C08659EC-66A4-4751-A067-EE30512530D1}.Debug|x64.ActiveCfg = Debug|Any CPU
		{C08659EC-66A4-4751-A067-EE30512530D1}.Debug|x64.Build.0 = Debug|Any CPU
		{C08659EC-66A4-4751-A067-EE30512530D1}.Debug|x86.ActiveCfg = Debug|Any CPU
		{C08659EC-66A4-4751-A067-EE30512530D1}.Debug|x86.Build.0 = Debug|Any CPU
		{C08659EC-66A4-4751-A067-EE30512530D1}.Release|Any CPU.ActiveCfg = Release|Any CPU
		{C08659EC-66A4-4751-A067-EE30512530D1}.Release|Any CPU.Build.0 = Release|Any CPU
		{C08659EC-66A4-4751-A067-EE30512530D1}.Release|ARM.ActiveCfg = Release|Any CPU
		{C08659EC-66A4-4751-A067-EE30512530D1}.Release|ARM.Build.0 = Release|Any CPU
		{C08659EC-66A4-4751-A067-EE30512530D1}.Release|iPhone.ActiveCfg = Release|Any CPU
		{C08659EC-66A4-4751-A067-EE30512530D1}.Release|iPhone.Build.0 = Release|Any CPU
		{C08659EC-66A4-4751-A067-EE30512530D1}.Release|iPhoneSimulator.ActiveCfg = Release|Any CPU
		{C08659EC-66A4-4751-A067-EE30512530D1}.Release|iPhoneSimulator.Build.0 = Release|Any CPU
		{C08659EC-66A4-4751-A067-EE30512530D1}.Release|x64.ActiveCfg = Release|Any CPU
		{C08659EC-66A4-4751-A067-EE30512530D1}.Release|x64.Build.0 = Release|Any CPU
		{C08659EC-66A4-4751-A067-EE30512530D1}.Release|x86.ActiveCfg = Release|Any CPU
		{C08659EC-66A4-4751-A067-EE30512530D1}.Release|x86.Build.0 = Release|Any CPU
		{8F62E8C0-5E03-4F03-9810-C7694CA3ADE1}.Ad-Hoc|Any CPU.ActiveCfg = Release|Any CPU
		{8F62E8C0-5E03-4F03-9810-C7694CA3ADE1}.Ad-Hoc|Any CPU.Build.0 = Release|Any CPU
		{8F62E8C0-5E03-4F03-9810-C7694CA3ADE1}.Ad-Hoc|ARM.ActiveCfg = Release|Any CPU
		{8F62E8C0-5E03-4F03-9810-C7694CA3ADE1}.Ad-Hoc|ARM.Build.0 = Release|Any CPU
		{8F62E8C0-5E03-4F03-9810-C7694CA3ADE1}.Ad-Hoc|iPhone.ActiveCfg = Release|Any CPU
		{8F62E8C0-5E03-4F03-9810-C7694CA3ADE1}.Ad-Hoc|iPhone.Build.0 = Release|Any CPU
		{8F62E8C0-5E03-4F03-9810-C7694CA3ADE1}.Ad-Hoc|iPhoneSimulator.ActiveCfg = Release|Any CPU
		{8F62E8C0-5E03-4F03-9810-C7694CA3ADE1}.Ad-Hoc|iPhoneSimulator.Build.0 = Release|Any CPU
		{8F62E8C0-5E03-4F03-9810-C7694CA3ADE1}.Ad-Hoc|x64.ActiveCfg = Release|Any CPU
		{8F62E8C0-5E03-4F03-9810-C7694CA3ADE1}.Ad-Hoc|x64.Build.0 = Release|Any CPU
		{8F62E8C0-5E03-4F03-9810-C7694CA3ADE1}.Ad-Hoc|x86.ActiveCfg = Release|Any CPU
		{8F62E8C0-5E03-4F03-9810-C7694CA3ADE1}.Ad-Hoc|x86.Build.0 = Release|Any CPU
		{8F62E8C0-5E03-4F03-9810-C7694CA3ADE1}.AppStore|Any CPU.ActiveCfg = Release|Any CPU
		{8F62E8C0-5E03-4F03-9810-C7694CA3ADE1}.AppStore|Any CPU.Build.0 = Release|Any CPU
		{8F62E8C0-5E03-4F03-9810-C7694CA3ADE1}.AppStore|ARM.ActiveCfg = Release|Any CPU
		{8F62E8C0-5E03-4F03-9810-C7694CA3ADE1}.AppStore|ARM.Build.0 = Release|Any CPU
		{8F62E8C0-5E03-4F03-9810-C7694CA3ADE1}.AppStore|iPhone.ActiveCfg = Release|Any CPU
		{8F62E8C0-5E03-4F03-9810-C7694CA3ADE1}.AppStore|iPhone.Build.0 = Release|Any CPU
		{8F62E8C0-5E03-4F03-9810-C7694CA3ADE1}.AppStore|iPhoneSimulator.ActiveCfg = Release|Any CPU
		{8F62E8C0-5E03-4F03-9810-C7694CA3ADE1}.AppStore|iPhoneSimulator.Build.0 = Release|Any CPU
		{8F62E8C0-5E03-4F03-9810-C7694CA3ADE1}.AppStore|x64.ActiveCfg = Release|Any CPU
		{8F62E8C0-5E03-4F03-9810-C7694CA3ADE1}.AppStore|x64.Build.0 = Release|Any CPU
		{8F62E8C0-5E03-4F03-9810-C7694CA3ADE1}.AppStore|x86.ActiveCfg = Release|Any CPU
		{8F62E8C0-5E03-4F03-9810-C7694CA3ADE1}.AppStore|x86.Build.0 = Release|Any CPU
		{8F62E8C0-5E03-4F03-9810-C7694CA3ADE1}.Debug|Any CPU.ActiveCfg = Debug|Any CPU
		{8F62E8C0-5E03-4F03-9810-C7694CA3ADE1}.Debug|Any CPU.Build.0 = Debug|Any CPU
		{8F62E8C0-5E03-4F03-9810-C7694CA3ADE1}.Debug|ARM.ActiveCfg = Debug|Any CPU
		{8F62E8C0-5E03-4F03-9810-C7694CA3ADE1}.Debug|ARM.Build.0 = Debug|Any CPU
		{8F62E8C0-5E03-4F03-9810-C7694CA3ADE1}.Debug|iPhone.ActiveCfg = Debug|Any CPU
		{8F62E8C0-5E03-4F03-9810-C7694CA3ADE1}.Debug|iPhone.Build.0 = Debug|Any CPU
		{8F62E8C0-5E03-4F03-9810-C7694CA3ADE1}.Debug|iPhoneSimulator.ActiveCfg = Debug|Any CPU
		{8F62E8C0-5E03-4F03-9810-C7694CA3ADE1}.Debug|iPhoneSimulator.Build.0 = Debug|Any CPU
		{8F62E8C0-5E03-4F03-9810-C7694CA3ADE1}.Debug|x64.ActiveCfg = Debug|Any CPU
		{8F62E8C0-5E03-4F03-9810-C7694CA3ADE1}.Debug|x64.Build.0 = Debug|Any CPU
		{8F62E8C0-5E03-4F03-9810-C7694CA3ADE1}.Debug|x86.ActiveCfg = Debug|Any CPU
		{8F62E8C0-5E03-4F03-9810-C7694CA3ADE1}.Debug|x86.Build.0 = Debug|Any CPU
		{8F62E8C0-5E03-4F03-9810-C7694CA3ADE1}.Release|Any CPU.ActiveCfg = Release|Any CPU
		{8F62E8C0-5E03-4F03-9810-C7694CA3ADE1}.Release|Any CPU.Build.0 = Release|Any CPU
		{8F62E8C0-5E03-4F03-9810-C7694CA3ADE1}.Release|ARM.ActiveCfg = Release|Any CPU
		{8F62E8C0-5E03-4F03-9810-C7694CA3ADE1}.Release|ARM.Build.0 = Release|Any CPU
		{8F62E8C0-5E03-4F03-9810-C7694CA3ADE1}.Release|iPhone.ActiveCfg = Release|Any CPU
		{8F62E8C0-5E03-4F03-9810-C7694CA3ADE1}.Release|iPhone.Build.0 = Release|Any CPU
		{8F62E8C0-5E03-4F03-9810-C7694CA3ADE1}.Release|iPhoneSimulator.ActiveCfg = Release|Any CPU
		{8F62E8C0-5E03-4F03-9810-C7694CA3ADE1}.Release|iPhoneSimulator.Build.0 = Release|Any CPU
		{8F62E8C0-5E03-4F03-9810-C7694CA3ADE1}.Release|x64.ActiveCfg = Release|Any CPU
		{8F62E8C0-5E03-4F03-9810-C7694CA3ADE1}.Release|x64.Build.0 = Release|Any CPU
		{8F62E8C0-5E03-4F03-9810-C7694CA3ADE1}.Release|x86.ActiveCfg = Release|Any CPU
		{8F62E8C0-5E03-4F03-9810-C7694CA3ADE1}.Release|x86.Build.0 = Release|Any CPU
		{87675D1A-2B6B-45A8-B5E1-B27693D5B199}.Ad-Hoc|Any CPU.ActiveCfg = Debug|Any CPU
		{87675D1A-2B6B-45A8-B5E1-B27693D5B199}.Ad-Hoc|Any CPU.Build.0 = Debug|Any CPU
		{87675D1A-2B6B-45A8-B5E1-B27693D5B199}.Ad-Hoc|ARM.ActiveCfg = Debug|Any CPU
		{87675D1A-2B6B-45A8-B5E1-B27693D5B199}.Ad-Hoc|ARM.Build.0 = Debug|Any CPU
		{87675D1A-2B6B-45A8-B5E1-B27693D5B199}.Ad-Hoc|iPhone.ActiveCfg = Debug|Any CPU
		{87675D1A-2B6B-45A8-B5E1-B27693D5B199}.Ad-Hoc|iPhone.Build.0 = Debug|Any CPU
		{87675D1A-2B6B-45A8-B5E1-B27693D5B199}.Ad-Hoc|iPhoneSimulator.ActiveCfg = Debug|Any CPU
		{87675D1A-2B6B-45A8-B5E1-B27693D5B199}.Ad-Hoc|iPhoneSimulator.Build.0 = Debug|Any CPU
		{87675D1A-2B6B-45A8-B5E1-B27693D5B199}.Ad-Hoc|x64.ActiveCfg = Debug|Any CPU
		{87675D1A-2B6B-45A8-B5E1-B27693D5B199}.Ad-Hoc|x64.Build.0 = Debug|Any CPU
		{87675D1A-2B6B-45A8-B5E1-B27693D5B199}.Ad-Hoc|x86.ActiveCfg = Debug|Any CPU
		{87675D1A-2B6B-45A8-B5E1-B27693D5B199}.Ad-Hoc|x86.Build.0 = Debug|Any CPU
		{87675D1A-2B6B-45A8-B5E1-B27693D5B199}.AppStore|Any CPU.ActiveCfg = Debug|Any CPU
		{87675D1A-2B6B-45A8-B5E1-B27693D5B199}.AppStore|Any CPU.Build.0 = Debug|Any CPU
		{87675D1A-2B6B-45A8-B5E1-B27693D5B199}.AppStore|ARM.ActiveCfg = Debug|Any CPU
		{87675D1A-2B6B-45A8-B5E1-B27693D5B199}.AppStore|ARM.Build.0 = Debug|Any CPU
		{87675D1A-2B6B-45A8-B5E1-B27693D5B199}.AppStore|iPhone.ActiveCfg = Debug|Any CPU
		{87675D1A-2B6B-45A8-B5E1-B27693D5B199}.AppStore|iPhone.Build.0 = Debug|Any CPU
		{87675D1A-2B6B-45A8-B5E1-B27693D5B199}.AppStore|iPhoneSimulator.ActiveCfg = Debug|Any CPU
		{87675D1A-2B6B-45A8-B5E1-B27693D5B199}.AppStore|iPhoneSimulator.Build.0 = Debug|Any CPU
		{87675D1A-2B6B-45A8-B5E1-B27693D5B199}.AppStore|x64.ActiveCfg = Debug|Any CPU
		{87675D1A-2B6B-45A8-B5E1-B27693D5B199}.AppStore|x64.Build.0 = Debug|Any CPU
		{87675D1A-2B6B-45A8-B5E1-B27693D5B199}.AppStore|x86.ActiveCfg = Debug|Any CPU
		{87675D1A-2B6B-45A8-B5E1-B27693D5B199}.AppStore|x86.Build.0 = Debug|Any CPU
		{87675D1A-2B6B-45A8-B5E1-B27693D5B199}.Debug|Any CPU.ActiveCfg = Debug|Any CPU
		{87675D1A-2B6B-45A8-B5E1-B27693D5B199}.Debug|Any CPU.Build.0 = Debug|Any CPU
		{87675D1A-2B6B-45A8-B5E1-B27693D5B199}.Debug|ARM.ActiveCfg = Debug|Any CPU
		{87675D1A-2B6B-45A8-B5E1-B27693D5B199}.Debug|ARM.Build.0 = Debug|Any CPU
		{87675D1A-2B6B-45A8-B5E1-B27693D5B199}.Debug|iPhone.ActiveCfg = Debug|Any CPU
		{87675D1A-2B6B-45A8-B5E1-B27693D5B199}.Debug|iPhone.Build.0 = Debug|Any CPU
		{87675D1A-2B6B-45A8-B5E1-B27693D5B199}.Debug|iPhoneSimulator.ActiveCfg = Debug|Any CPU
		{87675D1A-2B6B-45A8-B5E1-B27693D5B199}.Debug|iPhoneSimulator.Build.0 = Debug|Any CPU
		{87675D1A-2B6B-45A8-B5E1-B27693D5B199}.Debug|x64.ActiveCfg = Debug|Any CPU
		{87675D1A-2B6B-45A8-B5E1-B27693D5B199}.Debug|x64.Build.0 = Debug|Any CPU
		{87675D1A-2B6B-45A8-B5E1-B27693D5B199}.Debug|x86.ActiveCfg = Debug|Any CPU
		{87675D1A-2B6B-45A8-B5E1-B27693D5B199}.Debug|x86.Build.0 = Debug|Any CPU
		{87675D1A-2B6B-45A8-B5E1-B27693D5B199}.Release|Any CPU.ActiveCfg = Release|Any CPU
		{87675D1A-2B6B-45A8-B5E1-B27693D5B199}.Release|Any CPU.Build.0 = Release|Any CPU
		{87675D1A-2B6B-45A8-B5E1-B27693D5B199}.Release|ARM.ActiveCfg = Release|Any CPU
		{87675D1A-2B6B-45A8-B5E1-B27693D5B199}.Release|ARM.Build.0 = Release|Any CPU
		{87675D1A-2B6B-45A8-B5E1-B27693D5B199}.Release|iPhone.ActiveCfg = Release|Any CPU
		{87675D1A-2B6B-45A8-B5E1-B27693D5B199}.Release|iPhone.Build.0 = Release|Any CPU
		{87675D1A-2B6B-45A8-B5E1-B27693D5B199}.Release|iPhoneSimulator.ActiveCfg = Release|Any CPU
		{87675D1A-2B6B-45A8-B5E1-B27693D5B199}.Release|iPhoneSimulator.Build.0 = Release|Any CPU
		{87675D1A-2B6B-45A8-B5E1-B27693D5B199}.Release|x64.ActiveCfg = Release|Any CPU
		{87675D1A-2B6B-45A8-B5E1-B27693D5B199}.Release|x64.Build.0 = Release|Any CPU
		{87675D1A-2B6B-45A8-B5E1-B27693D5B199}.Release|x86.ActiveCfg = Release|Any CPU
		{87675D1A-2B6B-45A8-B5E1-B27693D5B199}.Release|x86.Build.0 = Release|Any CPU
	EndGlobalSection
	GlobalSection(SolutionProperties) = preSolution
		HideSolutionNode = FALSE
	EndGlobalSection
	GlobalSection(ExtensibilityGlobals) = postSolution
		SolutionGuid = {07F97534-726D-41DA-9A1E-831F026568D8}
	EndGlobalSection
EndGlobal
