
Microsoft Visual Studio Solution File, Format Version 12.00
# Visual Studio 15
VisualStudioVersion = 15.0.27019.1
MinimumVisualStudioVersion = 10.0.40219.1
Project("{9A19103F-16F7-4668-BE54-9A1E7A4F7556}") = "thewhiskeystudy", "thewhiskeystudy\thewhiskeystudy.csproj", "{C08659EC-66A4-4751-A067-EE30512530D1}"
EndProject
Project("{9A19103F-16F7-4668-BE54-9A1E7A4F7556}") = "thewhiskeystudy.lib", "thewhiskeystudy.lib\thewhiskeystudy.lib.csproj", "{8F62E8C0-5E03-4F03-9810-C7694CA3ADE1}"
EndProject
Project("{FAE04EC0-301F-11D3-BF4B-00C04F79EFBC}") = "thewhiskeystudy.uwp", "thewhiskeystudy.uwp\thewhiskeystudy.uwp.csproj", "{29F4AE61-33E5-4398-934A-C55881AFAB48}"
EndProject
Project("{D954291E-2A0B-460D-934E-DC6B0785DB48}") = "thewhiskeystudy.mobile", "thewhiskeystudy.mobile\thewhiskeystudy.mobile\thewhiskeystudy.mobile.shproj", "{64D0E1EE-4511-4671-9326-FF8A70813723}"
EndProject
Project("{FAE04EC0-301F-11D3-BF4B-00C04F79EFBC}") = "thewhiskeystudy.mobile.Android", "thewhiskeystudy.mobile\thewhiskeystudy.mobile.Android\thewhiskeystudy.mobile.Android.csproj", "{0273C77C-741B-4BD6-AE94-730F7B5349AF}"
EndProject
Project("{FAE04EC0-301F-11D3-BF4B-00C04F79EFBC}") = "thewhiskeystudy.mobile.iOS", "thewhiskeystudy.mobile\thewhiskeystudy.mobile.iOS\thewhiskeystudy.mobile.iOS.csproj", "{9E69CB61-375A-4767-BF14-93252DBBF5AD}"
EndProject
Global
	GlobalSection(SharedMSBuildProjectFiles) = preSolution
		thewhiskeystudy.mobile\thewhiskeystudy.mobile\thewhiskeystudy.mobile.projitems*{0273c77c-741b-4bd6-ae94-730f7b5349af}*SharedItemsImports = 4
		thewhiskeystudy.mobile\thewhiskeystudy.mobile\thewhiskeystudy.mobile.projitems*{64d0e1ee-4511-4671-9326-ff8a70813723}*SharedItemsImports = 13
		thewhiskeystudy.mobile\thewhiskeystudy.mobile\thewhiskeystudy.mobile.projitems*{9e69cb61-375a-4767-bf14-93252dbbf5ad}*SharedItemsImports = 4
	EndGlobalSection
	GlobalSection(SolutionConfigurationPlatforms) = preSolution
		Ad-Hoc|Any CPU = Ad-Hoc|Any CPU
		Ad-Hoc|ARM = Ad-Hoc|ARM
		Ad-Hoc|iPhone = Ad-Hoc|iPhone
		Ad-Hoc|iPhoneSimulator = Ad-Hoc|iPhoneSimulator
		Ad-Hoc|x64 = Ad-Hoc|x64
		Ad-Hoc|x86 = Ad-Hoc|x86
		AppStore|Any CPU = AppStore|Any CPU
		AppStore|ARM = AppStore|ARM
		AppStore|iPhone = AppStore|iPhone
		AppStore|iPhoneSimulator = AppStore|iPhoneSimulator
		AppStore|x64 = AppStore|x64
		AppStore|x86 = AppStore|x86
		Debug|Any CPU = Debug|Any CPU
		Debug|ARM = Debug|ARM
		Debug|iPhone = Debug|iPhone
		Debug|iPhoneSimulator = Debug|iPhoneSimulator
		Debug|x64 = Debug|x64
		Debug|x86 = Debug|x86
		Release|Any CPU = Release|Any CPU
		Release|ARM = Release|ARM
		Release|iPhone = Release|iPhone
		Release|iPhoneSimulator = Release|iPhoneSimulator
		Release|x64 = Release|x64
		Release|x86 = Release|x86
	EndGlobalSection
	GlobalSection(ProjectConfigurationPlatforms) = postSolution
		{C08659EC-66A4-4751-A067-EE30512530D1}.Ad-Hoc|Any CPU.ActiveCfg = Release|Any CPU
		{C08659EC-66A4-4751-A067-EE30512530D1}.Ad-Hoc|Any CPU.Build.0 = Release|Any CPU
		{C08659EC-66A4-4751-A067-EE30512530D1}.Ad-Hoc|ARM.ActiveCfg = Release|Any CPU
		{C08659EC-66A4-4751-A067-EE30512530D1}.Ad-Hoc|ARM.Build.0 = Release|Any CPU
		{C08659EC-66A4-4751-A067-EE30512530D1}.Ad-Hoc|iPhone.ActiveCfg = Release|Any CPU
		{C08659EC-66A4-4751-A067-EE30512530D1}.Ad-Hoc|iPhone.Build.0 = Release|Any CPU
		{C08659EC-66A4-4751-A067-EE30512530D1}.Ad-Hoc|iPhoneSimulator.ActiveCfg = Release|Any CPU
		{C08659EC-66A4-4751-A067-EE30512530D1}.Ad-Hoc|iPhoneSimulator.Build.0 = Release|Any CPU
		{C08659EC-66A4-4751-A067-EE30512530D1}.Ad-Hoc|x64.ActiveCfg = Release|Any CPU
		{C08659EC-66A4-4751-A067-EE30512530D1}.Ad-Hoc|x64.Build.0 = Release|Any CPU
		{C08659EC-66A4-4751-A067-EE30512530D1}.Ad-Hoc|x86.ActiveCfg = Release|Any CPU
		{C08659EC-66A4-4751-A067-EE30512530D1}.Ad-Hoc|x86.Build.0 = Release|Any CPU
		{C08659EC-66A4-4751-A067-EE30512530D1}.AppStore|Any CPU.ActiveCfg = Release|Any CPU
		{C08659EC-66A4-4751-A067-EE30512530D1}.AppStore|Any CPU.Build.0 = Release|Any CPU
		{C08659EC-66A4-4751-A067-EE30512530D1}.AppStore|ARM.ActiveCfg = Release|Any CPU
		{C08659EC-66A4-4751-A067-EE30512530D1}.AppStore|ARM.Build.0 = Release|Any CPU
		{C08659EC-66A4-4751-A067-EE30512530D1}.AppStore|iPhone.ActiveCfg = Release|Any CPU
		{C08659EC-66A4-4751-A067-EE30512530D1}.AppStore|iPhone.Build.0 = Release|Any CPU
		{C08659EC-66A4-4751-A067-EE30512530D1}.AppStore|iPhoneSimulator.ActiveCfg = Release|Any CPU
		{C08659EC-66A4-4751-A067-EE30512530D1}.AppStore|iPhoneSimulator.Build.0 = Release|Any CPU
		{C08659EC-66A4-4751-A067-EE30512530D1}.AppStore|x64.ActiveCfg = Release|Any CPU
		{C08659EC-66A4-4751-A067-EE30512530D1}.AppStore|x64.Build.0 = Release|Any CPU
		{C08659EC-66A4-4751-A067-EE30512530D1}.AppStore|x86.ActiveCfg = Release|Any CPU
		{C08659EC-66A4-4751-A067-EE30512530D1}.AppStore|x86.Build.0 = Release|Any CPU
		{C08659EC-66A4-4751-A067-EE30512530D1}.Debug|Any CPU.ActiveCfg = Debug|Any CPU
		{C08659EC-66A4-4751-A067-EE30512530D1}.Debug|Any CPU.Build.0 = Debug|Any CPU
		{C08659EC-66A4-4751-A067-EE30512530D1}.Debug|ARM.ActiveCfg = Debug|Any CPU
		{C08659EC-66A4-4751-A067-EE30512530D1}.Debug|ARM.Build.0 = Debug|Any CPU
		{C08659EC-66A4-4751-A067-EE30512530D1}.Debug|iPhone.ActiveCfg = Debug|Any CPU
		{C08659EC-66A4-4751-A067-EE30512530D1}.Debug|iPhone.Build.0 = Debug|Any CPU
		{C08659EC-66A4-4751-A067-EE30512530D1}.Debug|iPhoneSimulator.ActiveCfg = Debug|Any CPU
		{C08659EC-66A4-4751-A067-EE30512530D1}.Debug|iPhoneSimulator.Build.0 = Debug|Any CPU
		{C08659EC-66A4-4751-A067-EE30512530D1}.Debug|x64.ActiveCfg = Debug|Any CPU
		{C08659EC-66A4-4751-A067-EE30512530D1}.Debug|x64.Build.0 = Debug|Any CPU
		{C08659EC-66A4-4751-A067-EE30512530D1}.Debug|x86.ActiveCfg = Debug|Any CPU
		{C08659EC-66A4-4751-A067-EE30512530D1}.Debug|x86.Build.0 = Debug|Any CPU
		{C08659EC-66A4-4751-A067-EE30512530D1}.Release|Any CPU.ActiveCfg = Release|Any CPU
		{C08659EC-66A4-4751-A067-EE30512530D1}.Release|Any CPU.Build.0 = Release|Any CPU
		{C08659EC-66A4-4751-A067-EE30512530D1}.Release|ARM.ActiveCfg = Release|Any CPU
		{C08659EC-66A4-4751-A067-EE30512530D1}.Release|ARM.Build.0 = Release|Any CPU
		{C08659EC-66A4-4751-A067-EE30512530D1}.Release|iPhone.ActiveCfg = Release|Any CPU
		{C08659EC-66A4-4751-A067-EE30512530D1}.Release|iPhone.Build.0 = Release|Any CPU
		{C08659EC-66A4-4751-A067-EE30512530D1}.Release|iPhoneSimulator.ActiveCfg = Release|Any CPU
		{C08659EC-66A4-4751-A067-EE30512530D1}.Release|iPhoneSimulator.Build.0 = Release|Any CPU
		{C08659EC-66A4-4751-A067-EE30512530D1}.Release|x64.ActiveCfg = Release|Any CPU
		{C08659EC-66A4-4751-A067-EE30512530D1}.Release|x64.Build.0 = Release|Any CPU
		{C08659EC-66A4-4751-A067-EE30512530D1}.Release|x86.ActiveCfg = Release|Any CPU
		{C08659EC-66A4-4751-A067-EE30512530D1}.Release|x86.Build.0 = Release|Any CPU
		{8F62E8C0-5E03-4F03-9810-C7694CA3ADE1}.Ad-Hoc|Any CPU.ActiveCfg = Release|Any CPU
		{8F62E8C0-5E03-4F03-9810-C7694CA3ADE1}.Ad-Hoc|Any CPU.Build.0 = Release|Any CPU
		{8F62E8C0-5E03-4F03-9810-C7694CA3ADE1}.Ad-Hoc|ARM.ActiveCfg = Release|Any CPU
		{8F62E8C0-5E03-4F03-9810-C7694CA3ADE1}.Ad-Hoc|ARM.Build.0 = Release|Any CPU
		{8F62E8C0-5E03-4F03-9810-C7694CA3ADE1}.Ad-Hoc|iPhone.ActiveCfg = Release|Any CPU
		{8F62E8C0-5E03-4F03-9810-C7694CA3ADE1}.Ad-Hoc|iPhone.Build.0 = Release|Any CPU
		{8F62E8C0-5E03-4F03-9810-C7694CA3ADE1}.Ad-Hoc|iPhoneSimulator.ActiveCfg = Release|Any CPU
		{8F62E8C0-5E03-4F03-9810-C7694CA3ADE1}.Ad-Hoc|iPhoneSimulator.Build.0 = Release|Any CPU
		{8F62E8C0-5E03-4F03-9810-C7694CA3ADE1}.Ad-Hoc|x64.ActiveCfg = Release|Any CPU
		{8F62E8C0-5E03-4F03-9810-C7694CA3ADE1}.Ad-Hoc|x64.Build.0 = Release|Any CPU
		{8F62E8C0-5E03-4F03-9810-C7694CA3ADE1}.Ad-Hoc|x86.ActiveCfg = Release|Any CPU
		{8F62E8C0-5E03-4F03-9810-C7694CA3ADE1}.Ad-Hoc|x86.Build.0 = Release|Any CPU
		{8F62E8C0-5E03-4F03-9810-C7694CA3ADE1}.AppStore|Any CPU.ActiveCfg = Release|Any CPU
		{8F62E8C0-5E03-4F03-9810-C7694CA3ADE1}.AppStore|Any CPU.Build.0 = Release|Any CPU
		{8F62E8C0-5E03-4F03-9810-C7694CA3ADE1}.AppStore|ARM.ActiveCfg = Release|Any CPU
		{8F62E8C0-5E03-4F03-9810-C7694CA3ADE1}.AppStore|ARM.Build.0 = Release|Any CPU
		{8F62E8C0-5E03-4F03-9810-C7694CA3ADE1}.AppStore|iPhone.ActiveCfg = Release|Any CPU
		{8F62E8C0-5E03-4F03-9810-C7694CA3ADE1}.AppStore|iPhone.Build.0 = Release|Any CPU
		{8F62E8C0-5E03-4F03-9810-C7694CA3ADE1}.AppStore|iPhoneSimulator.ActiveCfg = Release|Any CPU
		{8F62E8C0-5E03-4F03-9810-C7694CA3ADE1}.AppStore|iPhoneSimulator.Build.0 = Release|Any CPU
		{8F62E8C0-5E03-4F03-9810-C7694CA3ADE1}.AppStore|x64.ActiveCfg = Release|Any CPU
		{8F62E8C0-5E03-4F03-9810-C7694CA3ADE1}.AppStore|x64.Build.0 = Release|Any CPU
		{8F62E8C0-5E03-4F03-9810-C7694CA3ADE1}.AppStore|x86.ActiveCfg = Release|Any CPU
		{8F62E8C0-5E03-4F03-9810-C7694CA3ADE1}.AppStore|x86.Build.0 = Release|Any CPU
		{8F62E8C0-5E03-4F03-9810-C7694CA3ADE1}.Debug|Any CPU.ActiveCfg = Debug|Any CPU
		{8F62E8C0-5E03-4F03-9810-C7694CA3ADE1}.Debug|Any CPU.Build.0 = Debug|Any CPU
		{8F62E8C0-5E03-4F03-9810-C7694CA3ADE1}.Debug|ARM.ActiveCfg = Debug|Any CPU
		{8F62E8C0-5E03-4F03-9810-C7694CA3ADE1}.Debug|ARM.Build.0 = Debug|Any CPU
		{8F62E8C0-5E03-4F03-9810-C7694CA3ADE1}.Debug|iPhone.ActiveCfg = Debug|Any CPU
		{8F62E8C0-5E03-4F03-9810-C7694CA3ADE1}.Debug|iPhone.Build.0 = Debug|Any CPU
		{8F62E8C0-5E03-4F03-9810-C7694CA3ADE1}.Debug|iPhoneSimulator.ActiveCfg = Debug|Any CPU
		{8F62E8C0-5E03-4F03-9810-C7694CA3ADE1}.Debug|iPhoneSimulator.Build.0 = Debug|Any CPU
		{8F62E8C0-5E03-4F03-9810-C7694CA3ADE1}.Debug|x64.ActiveCfg = Debug|Any CPU
		{8F62E8C0-5E03-4F03-9810-C7694CA3ADE1}.Debug|x64.Build.0 = Debug|Any CPU
		{8F62E8C0-5E03-4F03-9810-C7694CA3ADE1}.Debug|x86.ActiveCfg = Debug|Any CPU
		{8F62E8C0-5E03-4F03-9810-C7694CA3ADE1}.Debug|x86.Build.0 = Debug|Any CPU
		{8F62E8C0-5E03-4F03-9810-C7694CA3ADE1}.Release|Any CPU.ActiveCfg = Release|Any CPU
		{8F62E8C0-5E03-4F03-9810-C7694CA3ADE1}.Release|Any CPU.Build.0 = Release|Any CPU
		{8F62E8C0-5E03-4F03-9810-C7694CA3ADE1}.Release|ARM.ActiveCfg = Release|Any CPU
		{8F62E8C0-5E03-4F03-9810-C7694CA3ADE1}.Release|ARM.Build.0 = Release|Any CPU
		{8F62E8C0-5E03-4F03-9810-C7694CA3ADE1}.Release|iPhone.ActiveCfg = Release|Any CPU
		{8F62E8C0-5E03-4F03-9810-C7694CA3ADE1}.Release|iPhone.Build.0 = Release|Any CPU
		{8F62E8C0-5E03-4F03-9810-C7694CA3ADE1}.Release|iPhoneSimulator.ActiveCfg = Release|Any CPU
		{8F62E8C0-5E03-4F03-9810-C7694CA3ADE1}.Release|iPhoneSimulator.Build.0 = Release|Any CPU
		{8F62E8C0-5E03-4F03-9810-C7694CA3ADE1}.Release|x64.ActiveCfg = Release|Any CPU
		{8F62E8C0-5E03-4F03-9810-C7694CA3ADE1}.Release|x64.Build.0 = Release|Any CPU
		{8F62E8C0-5E03-4F03-9810-C7694CA3ADE1}.Release|x86.ActiveCfg = Release|Any CPU
		{8F62E8C0-5E03-4F03-9810-C7694CA3ADE1}.Release|x86.Build.0 = Release|Any CPU
		{29F4AE61-33E5-4398-934A-C55881AFAB48}.Ad-Hoc|Any CPU.ActiveCfg = Release|x64
		{29F4AE61-33E5-4398-934A-C55881AFAB48}.Ad-Hoc|Any CPU.Build.0 = Release|x64
		{29F4AE61-33E5-4398-934A-C55881AFAB48}.Ad-Hoc|Any CPU.Deploy.0 = Release|x64
		{29F4AE61-33E5-4398-934A-C55881AFAB48}.Ad-Hoc|ARM.ActiveCfg = Release|ARM
		{29F4AE61-33E5-4398-934A-C55881AFAB48}.Ad-Hoc|ARM.Build.0 = Release|ARM
		{29F4AE61-33E5-4398-934A-C55881AFAB48}.Ad-Hoc|ARM.Deploy.0 = Release|ARM
		{29F4AE61-33E5-4398-934A-C55881AFAB48}.Ad-Hoc|iPhone.ActiveCfg = Release|x64
		{29F4AE61-33E5-4398-934A-C55881AFAB48}.Ad-Hoc|iPhone.Build.0 = Release|x64
		{29F4AE61-33E5-4398-934A-C55881AFAB48}.Ad-Hoc|iPhone.Deploy.0 = Release|x64
		{29F4AE61-33E5-4398-934A-C55881AFAB48}.Ad-Hoc|iPhoneSimulator.ActiveCfg = Release|x64
		{29F4AE61-33E5-4398-934A-C55881AFAB48}.Ad-Hoc|iPhoneSimulator.Build.0 = Release|x64
		{29F4AE61-33E5-4398-934A-C55881AFAB48}.Ad-Hoc|iPhoneSimulator.Deploy.0 = Release|x64
		{29F4AE61-33E5-4398-934A-C55881AFAB48}.Ad-Hoc|x64.ActiveCfg = Release|x64
		{29F4AE61-33E5-4398-934A-C55881AFAB48}.Ad-Hoc|x64.Build.0 = Release|x64
		{29F4AE61-33E5-4398-934A-C55881AFAB48}.Ad-Hoc|x64.Deploy.0 = Release|x64
		{29F4AE61-33E5-4398-934A-C55881AFAB48}.Ad-Hoc|x86.ActiveCfg = Release|x86
		{29F4AE61-33E5-4398-934A-C55881AFAB48}.Ad-Hoc|x86.Build.0 = Release|x86
		{29F4AE61-33E5-4398-934A-C55881AFAB48}.Ad-Hoc|x86.Deploy.0 = Release|x86
		{29F4AE61-33E5-4398-934A-C55881AFAB48}.AppStore|Any CPU.ActiveCfg = Release|x64
		{29F4AE61-33E5-4398-934A-C55881AFAB48}.AppStore|Any CPU.Build.0 = Release|x64
		{29F4AE61-33E5-4398-934A-C55881AFAB48}.AppStore|Any CPU.Deploy.0 = Release|x64
		{29F4AE61-33E5-4398-934A-C55881AFAB48}.AppStore|ARM.ActiveCfg = Release|ARM
		{29F4AE61-33E5-4398-934A-C55881AFAB48}.AppStore|ARM.Build.0 = Release|ARM
		{29F4AE61-33E5-4398-934A-C55881AFAB48}.AppStore|ARM.Deploy.0 = Release|ARM
		{29F4AE61-33E5-4398-934A-C55881AFAB48}.AppStore|iPhone.ActiveCfg = Release|x64
		{29F4AE61-33E5-4398-934A-C55881AFAB48}.AppStore|iPhone.Build.0 = Release|x64
		{29F4AE61-33E5-4398-934A-C55881AFAB48}.AppStore|iPhone.Deploy.0 = Release|x64
		{29F4AE61-33E5-4398-934A-C55881AFAB48}.AppStore|iPhoneSimulator.ActiveCfg = Release|x64
		{29F4AE61-33E5-4398-934A-C55881AFAB48}.AppStore|iPhoneSimulator.Build.0 = Release|x64
		{29F4AE61-33E5-4398-934A-C55881AFAB48}.AppStore|iPhoneSimulator.Deploy.0 = Release|x64
		{29F4AE61-33E5-4398-934A-C55881AFAB48}.AppStore|x64.ActiveCfg = Release|x64
		{29F4AE61-33E5-4398-934A-C55881AFAB48}.AppStore|x64.Build.0 = Release|x64
		{29F4AE61-33E5-4398-934A-C55881AFAB48}.AppStore|x64.Deploy.0 = Release|x64
		{29F4AE61-33E5-4398-934A-C55881AFAB48}.AppStore|x86.ActiveCfg = Release|x86
		{29F4AE61-33E5-4398-934A-C55881AFAB48}.AppStore|x86.Build.0 = Release|x86
		{29F4AE61-33E5-4398-934A-C55881AFAB48}.AppStore|x86.Deploy.0 = Release|x86
		{29F4AE61-33E5-4398-934A-C55881AFAB48}.Debug|Any CPU.ActiveCfg = Debug|x86
		{29F4AE61-33E5-4398-934A-C55881AFAB48}.Debug|ARM.ActiveCfg = Debug|ARM
		{29F4AE61-33E5-4398-934A-C55881AFAB48}.Debug|ARM.Build.0 = Debug|ARM
		{29F4AE61-33E5-4398-934A-C55881AFAB48}.Debug|ARM.Deploy.0 = Debug|ARM
		{29F4AE61-33E5-4398-934A-C55881AFAB48}.Debug|iPhone.ActiveCfg = Debug|x86
		{29F4AE61-33E5-4398-934A-C55881AFAB48}.Debug|iPhoneSimulator.ActiveCfg = Debug|x86
		{29F4AE61-33E5-4398-934A-C55881AFAB48}.Debug|x64.ActiveCfg = Debug|x64
		{29F4AE61-33E5-4398-934A-C55881AFAB48}.Debug|x64.Build.0 = Debug|x64
		{29F4AE61-33E5-4398-934A-C55881AFAB48}.Debug|x64.Deploy.0 = Debug|x64
		{29F4AE61-33E5-4398-934A-C55881AFAB48}.Debug|x86.ActiveCfg = Debug|x86
		{29F4AE61-33E5-4398-934A-C55881AFAB48}.Debug|x86.Build.0 = Debug|x86
		{29F4AE61-33E5-4398-934A-C55881AFAB48}.Debug|x86.Deploy.0 = Debug|x86
		{29F4AE61-33E5-4398-934A-C55881AFAB48}.Release|Any CPU.ActiveCfg = Release|x86
		{29F4AE61-33E5-4398-934A-C55881AFAB48}.Release|ARM.ActiveCfg = Release|ARM
		{29F4AE61-33E5-4398-934A-C55881AFAB48}.Release|ARM.Build.0 = Release|ARM
		{29F4AE61-33E5-4398-934A-C55881AFAB48}.Release|ARM.Deploy.0 = Release|ARM
		{29F4AE61-33E5-4398-934A-C55881AFAB48}.Release|iPhone.ActiveCfg = Release|x86
		{29F4AE61-33E5-4398-934A-C55881AFAB48}.Release|iPhoneSimulator.ActiveCfg = Release|x86
		{29F4AE61-33E5-4398-934A-C55881AFAB48}.Release|x64.ActiveCfg = Release|x64
		{29F4AE61-33E5-4398-934A-C55881AFAB48}.Release|x64.Build.0 = Release|x64
		{29F4AE61-33E5-4398-934A-C55881AFAB48}.Release|x64.Deploy.0 = Release|x64
		{29F4AE61-33E5-4398-934A-C55881AFAB48}.Release|x86.ActiveCfg = Release|x86
		{29F4AE61-33E5-4398-934A-C55881AFAB48}.Release|x86.Build.0 = Release|x86
		{29F4AE61-33E5-4398-934A-C55881AFAB48}.Release|x86.Deploy.0 = Release|x86
		{0273C77C-741B-4BD6-AE94-730F7B5349AF}.Ad-Hoc|Any CPU.ActiveCfg = Release|Any CPU
		{0273C77C-741B-4BD6-AE94-730F7B5349AF}.Ad-Hoc|Any CPU.Build.0 = Release|Any CPU
		{0273C77C-741B-4BD6-AE94-730F7B5349AF}.Ad-Hoc|Any CPU.Deploy.0 = Release|Any CPU
		{0273C77C-741B-4BD6-AE94-730F7B5349AF}.Ad-Hoc|ARM.ActiveCfg = Release|Any CPU
		{0273C77C-741B-4BD6-AE94-730F7B5349AF}.Ad-Hoc|ARM.Build.0 = Release|Any CPU
		{0273C77C-741B-4BD6-AE94-730F7B5349AF}.Ad-Hoc|ARM.Deploy.0 = Release|Any CPU
		{0273C77C-741B-4BD6-AE94-730F7B5349AF}.Ad-Hoc|iPhone.ActiveCfg = Release|Any CPU
		{0273C77C-741B-4BD6-AE94-730F7B5349AF}.Ad-Hoc|iPhone.Build.0 = Release|Any CPU
		{0273C77C-741B-4BD6-AE94-730F7B5349AF}.Ad-Hoc|iPhone.Deploy.0 = Release|Any CPU
		{0273C77C-741B-4BD6-AE94-730F7B5349AF}.Ad-Hoc|iPhoneSimulator.ActiveCfg = Release|Any CPU
		{0273C77C-741B-4BD6-AE94-730F7B5349AF}.Ad-Hoc|iPhoneSimulator.Build.0 = Release|Any CPU
		{0273C77C-741B-4BD6-AE94-730F7B5349AF}.Ad-Hoc|iPhoneSimulator.Deploy.0 = Release|Any CPU
		{0273C77C-741B-4BD6-AE94-730F7B5349AF}.Ad-Hoc|x64.ActiveCfg = Release|Any CPU
		{0273C77C-741B-4BD6-AE94-730F7B5349AF}.Ad-Hoc|x64.Build.0 = Release|Any CPU
		{0273C77C-741B-4BD6-AE94-730F7B5349AF}.Ad-Hoc|x64.Deploy.0 = Release|Any CPU
		{0273C77C-741B-4BD6-AE94-730F7B5349AF}.Ad-Hoc|x86.ActiveCfg = Release|Any CPU
		{0273C77C-741B-4BD6-AE94-730F7B5349AF}.Ad-Hoc|x86.Build.0 = Release|Any CPU
		{0273C77C-741B-4BD6-AE94-730F7B5349AF}.Ad-Hoc|x86.Deploy.0 = Release|Any CPU
		{0273C77C-741B-4BD6-AE94-730F7B5349AF}.AppStore|Any CPU.ActiveCfg = Release|Any CPU
		{0273C77C-741B-4BD6-AE94-730F7B5349AF}.AppStore|Any CPU.Build.0 = Release|Any CPU
		{0273C77C-741B-4BD6-AE94-730F7B5349AF}.AppStore|Any CPU.Deploy.0 = Release|Any CPU
		{0273C77C-741B-4BD6-AE94-730F7B5349AF}.AppStore|ARM.ActiveCfg = Release|Any CPU
		{0273C77C-741B-4BD6-AE94-730F7B5349AF}.AppStore|ARM.Build.0 = Release|Any CPU
		{0273C77C-741B-4BD6-AE94-730F7B5349AF}.AppStore|ARM.Deploy.0 = Release|Any CPU
		{0273C77C-741B-4BD6-AE94-730F7B5349AF}.AppStore|iPhone.ActiveCfg = Release|Any CPU
		{0273C77C-741B-4BD6-AE94-730F7B5349AF}.AppStore|iPhone.Build.0 = Release|Any CPU
		{0273C77C-741B-4BD6-AE94-730F7B5349AF}.AppStore|iPhone.Deploy.0 = Release|Any CPU
		{0273C77C-741B-4BD6-AE94-730F7B5349AF}.AppStore|iPhoneSimulator.ActiveCfg = Release|Any CPU
		{0273C77C-741B-4BD6-AE94-730F7B5349AF}.AppStore|iPhoneSimulator.Build.0 = Release|Any CPU
		{0273C77C-741B-4BD6-AE94-730F7B5349AF}.AppStore|iPhoneSimulator.Deploy.0 = Release|Any CPU
		{0273C77C-741B-4BD6-AE94-730F7B5349AF}.AppStore|x64.ActiveCfg = Release|Any CPU
		{0273C77C-741B-4BD6-AE94-730F7B5349AF}.AppStore|x64.Build.0 = Release|Any CPU
		{0273C77C-741B-4BD6-AE94-730F7B5349AF}.AppStore|x64.Deploy.0 = Release|Any CPU
		{0273C77C-741B-4BD6-AE94-730F7B5349AF}.AppStore|x86.ActiveCfg = Release|Any CPU
		{0273C77C-741B-4BD6-AE94-730F7B5349AF}.AppStore|x86.Build.0 = Release|Any CPU
		{0273C77C-741B-4BD6-AE94-730F7B5349AF}.AppStore|x86.Deploy.0 = Release|Any CPU
		{0273C77C-741B-4BD6-AE94-730F7B5349AF}.Debug|Any CPU.ActiveCfg = Debug|Any CPU
		{0273C77C-741B-4BD6-AE94-730F7B5349AF}.Debug|Any CPU.Build.0 = Debug|Any CPU
		{0273C77C-741B-4BD6-AE94-730F7B5349AF}.Debug|Any CPU.Deploy.0 = Debug|Any CPU
		{0273C77C-741B-4BD6-AE94-730F7B5349AF}.Debug|ARM.ActiveCfg = Debug|Any CPU
		{0273C77C-741B-4BD6-AE94-730F7B5349AF}.Debug|ARM.Build.0 = Debug|Any CPU
		{0273C77C-741B-4BD6-AE94-730F7B5349AF}.Debug|ARM.Deploy.0 = Debug|Any CPU
		{0273C77C-741B-4BD6-AE94-730F7B5349AF}.Debug|iPhone.ActiveCfg = Debug|Any CPU
		{0273C77C-741B-4BD6-AE94-730F7B5349AF}.Debug|iPhone.Build.0 = Debug|Any CPU
		{0273C77C-741B-4BD6-AE94-730F7B5349AF}.Debug|iPhone.Deploy.0 = Debug|Any CPU
		{0273C77C-741B-4BD6-AE94-730F7B5349AF}.Debug|iPhoneSimulator.ActiveCfg = Debug|Any CPU
		{0273C77C-741B-4BD6-AE94-730F7B5349AF}.Debug|iPhoneSimulator.Build.0 = Debug|Any CPU
		{0273C77C-741B-4BD6-AE94-730F7B5349AF}.Debug|iPhoneSimulator.Deploy.0 = Debug|Any CPU
		{0273C77C-741B-4BD6-AE94-730F7B5349AF}.Debug|x64.ActiveCfg = Debug|Any CPU
		{0273C77C-741B-4BD6-AE94-730F7B5349AF}.Debug|x64.Build.0 = Debug|Any CPU
		{0273C77C-741B-4BD6-AE94-730F7B5349AF}.Debug|x64.Deploy.0 = Debug|Any CPU
		{0273C77C-741B-4BD6-AE94-730F7B5349AF}.Debug|x86.ActiveCfg = Debug|Any CPU
		{0273C77C-741B-4BD6-AE94-730F7B5349AF}.Debug|x86.Build.0 = Debug|Any CPU
		{0273C77C-741B-4BD6-AE94-730F7B5349AF}.Debug|x86.Deploy.0 = Debug|Any CPU
		{0273C77C-741B-4BD6-AE94-730F7B5349AF}.Release|Any CPU.ActiveCfg = Release|Any CPU
		{0273C77C-741B-4BD6-AE94-730F7B5349AF}.Release|Any CPU.Build.0 = Release|Any CPU
		{0273C77C-741B-4BD6-AE94-730F7B5349AF}.Release|Any CPU.Deploy.0 = Release|Any CPU
		{0273C77C-741B-4BD6-AE94-730F7B5349AF}.Release|ARM.ActiveCfg = Release|Any CPU
		{0273C77C-741B-4BD6-AE94-730F7B5349AF}.Release|ARM.Build.0 = Release|Any CPU
		{0273C77C-741B-4BD6-AE94-730F7B5349AF}.Release|ARM.Deploy.0 = Release|Any CPU
		{0273C77C-741B-4BD6-AE94-730F7B5349AF}.Release|iPhone.ActiveCfg = Release|Any CPU
		{0273C77C-741B-4BD6-AE94-730F7B5349AF}.Release|iPhone.Build.0 = Release|Any CPU
		{0273C77C-741B-4BD6-AE94-730F7B5349AF}.Release|iPhone.Deploy.0 = Release|Any CPU
		{0273C77C-741B-4BD6-AE94-730F7B5349AF}.Release|iPhoneSimulator.ActiveCfg = Release|Any CPU
		{0273C77C-741B-4BD6-AE94-730F7B5349AF}.Release|iPhoneSimulator.Build.0 = Release|Any CPU
		{0273C77C-741B-4BD6-AE94-730F7B5349AF}.Release|iPhoneSimulator.Deploy.0 = Release|Any CPU
		{0273C77C-741B-4BD6-AE94-730F7B5349AF}.Release|x64.ActiveCfg = Release|Any CPU
		{0273C77C-741B-4BD6-AE94-730F7B5349AF}.Release|x64.Build.0 = Release|Any CPU
		{0273C77C-741B-4BD6-AE94-730F7B5349AF}.Release|x64.Deploy.0 = Release|Any CPU
		{0273C77C-741B-4BD6-AE94-730F7B5349AF}.Release|x86.ActiveCfg = Release|Any CPU
		{0273C77C-741B-4BD6-AE94-730F7B5349AF}.Release|x86.Build.0 = Release|Any CPU
		{0273C77C-741B-4BD6-AE94-730F7B5349AF}.Release|x86.Deploy.0 = Release|Any CPU
		{9E69CB61-375A-4767-BF14-93252DBBF5AD}.Ad-Hoc|Any CPU.ActiveCfg = Ad-Hoc|iPhone
		{9E69CB61-375A-4767-BF14-93252DBBF5AD}.Ad-Hoc|ARM.ActiveCfg = Ad-Hoc|iPhone
		{9E69CB61-375A-4767-BF14-93252DBBF5AD}.Ad-Hoc|iPhone.ActiveCfg = Ad-Hoc|iPhone
		{9E69CB61-375A-4767-BF14-93252DBBF5AD}.Ad-Hoc|iPhone.Build.0 = Ad-Hoc|iPhone
		{9E69CB61-375A-4767-BF14-93252DBBF5AD}.Ad-Hoc|iPhoneSimulator.ActiveCfg = Ad-Hoc|iPhoneSimulator
		{9E69CB61-375A-4767-BF14-93252DBBF5AD}.Ad-Hoc|iPhoneSimulator.Build.0 = Ad-Hoc|iPhoneSimulator
		{9E69CB61-375A-4767-BF14-93252DBBF5AD}.Ad-Hoc|x64.ActiveCfg = Ad-Hoc|iPhone
		{9E69CB61-375A-4767-BF14-93252DBBF5AD}.Ad-Hoc|x86.ActiveCfg = Ad-Hoc|iPhone
		{9E69CB61-375A-4767-BF14-93252DBBF5AD}.AppStore|Any CPU.ActiveCfg = AppStore|iPhone
		{9E69CB61-375A-4767-BF14-93252DBBF5AD}.AppStore|ARM.ActiveCfg = AppStore|iPhone
		{9E69CB61-375A-4767-BF14-93252DBBF5AD}.AppStore|iPhone.ActiveCfg = AppStore|iPhone
		{9E69CB61-375A-4767-BF14-93252DBBF5AD}.AppStore|iPhone.Build.0 = AppStore|iPhone
		{9E69CB61-375A-4767-BF14-93252DBBF5AD}.AppStore|iPhoneSimulator.ActiveCfg = AppStore|iPhoneSimulator
		{9E69CB61-375A-4767-BF14-93252DBBF5AD}.AppStore|iPhoneSimulator.Build.0 = AppStore|iPhoneSimulator
		{9E69CB61-375A-4767-BF14-93252DBBF5AD}.AppStore|x64.ActiveCfg = AppStore|iPhone
		{9E69CB61-375A-4767-BF14-93252DBBF5AD}.AppStore|x86.ActiveCfg = AppStore|iPhone
		{9E69CB61-375A-4767-BF14-93252DBBF5AD}.Debug|Any CPU.ActiveCfg = Debug|iPhone
		{9E69CB61-375A-4767-BF14-93252DBBF5AD}.Debug|ARM.ActiveCfg = Debug|iPhone
		{9E69CB61-375A-4767-BF14-93252DBBF5AD}.Debug|iPhone.ActiveCfg = Debug|iPhone
		{9E69CB61-375A-4767-BF14-93252DBBF5AD}.Debug|iPhone.Build.0 = Debug|iPhone
		{9E69CB61-375A-4767-BF14-93252DBBF5AD}.Debug|iPhoneSimulator.ActiveCfg = Debug|iPhoneSimulator
		{9E69CB61-375A-4767-BF14-93252DBBF5AD}.Debug|iPhoneSimulator.Build.0 = Debug|iPhoneSimulator
		{9E69CB61-375A-4767-BF14-93252DBBF5AD}.Debug|x64.ActiveCfg = Debug|iPhone
		{9E69CB61-375A-4767-BF14-93252DBBF5AD}.Debug|x86.ActiveCfg = Debug|iPhone
		{9E69CB61-375A-4767-BF14-93252DBBF5AD}.Release|Any CPU.ActiveCfg = Release|iPhone
		{9E69CB61-375A-4767-BF14-93252DBBF5AD}.Release|ARM.ActiveCfg = Release|iPhone
		{9E69CB61-375A-4767-BF14-93252DBBF5AD}.Release|iPhone.ActiveCfg = Release|iPhone
		{9E69CB61-375A-4767-BF14-93252DBBF5AD}.Release|iPhone.Build.0 = Release|iPhone
		{9E69CB61-375A-4767-BF14-93252DBBF5AD}.Release|iPhoneSimulator.ActiveCfg = Release|iPhoneSimulator
		{9E69CB61-375A-4767-BF14-93252DBBF5AD}.Release|iPhoneSimulator.Build.0 = Release|iPhoneSimulator
		{9E69CB61-375A-4767-BF14-93252DBBF5AD}.Release|x64.ActiveCfg = Release|iPhone
		{9E69CB61-375A-4767-BF14-93252DBBF5AD}.Release|x86.ActiveCfg = Release|iPhone
	EndGlobalSection
	GlobalSection(SolutionProperties) = preSolution
		HideSolutionNode = FALSE
	EndGlobalSection
	GlobalSection(ExtensibilityGlobals) = postSolution
		SolutionGuid = {07F97534-726D-41DA-9A1E-831F026568D8}
	EndGlobalSection
EndGlobal
